{
	"name": "@kaltura-ng/mc-ui",
	"version": "3.2.0",
	"lockfileVersion": 1,
	"requires": true,
	"dependencies": {
		"@angular/common": {
			"version": "4.4.6",
			"resolved": "https://registry.npmjs.org/@angular/common/-/common-4.4.6.tgz",
			"integrity": "sha1-S4FCByTggooOg5uVpV6xp+g5GPI=",
			"requires": {
				"tslib": "1.8.1"
			}
		},
		"@angular/core": {
			"version": "4.4.6",
			"resolved": "https://registry.npmjs.org/@angular/core/-/core-4.4.6.tgz",
			"integrity": "sha1-EwMf0Q3P5DiHVBmzjyESCVi8I1Q=",
			"requires": {
				"tslib": "1.8.1"
			}
		},
		"@angular/forms": {
			"version": "4.4.6",
			"resolved": "https://registry.npmjs.org/@angular/forms/-/forms-4.4.6.tgz",
			"integrity": "sha1-/mSs5CQ1wbgPSQNLfEHOjK8UpEo=",
			"requires": {
				"tslib": "1.8.1"
			}
		},
		"rxjs": {
			"version": "5.4.3",
			"resolved": "https://registry.npmjs.org/rxjs/-/rxjs-5.4.3.tgz",
			"integrity": "sha512-fSNi+y+P9ss+EZuV0GcIIqPUK07DEaMRUtLJvdcvMyFjc9dizuDjere+A4V7JrLGnm9iCc+nagV/4QdMTkqC4A==",
			"requires": {
				"symbol-observable": "1.1.0"
			}
		},
		"seamless-immutable": {
			"version": "7.1.2",
			"resolved": "https://registry.npmjs.org/seamless-immutable/-/seamless-immutable-7.1.2.tgz",
			"integrity": "sha1-yHoeumdnoyRVMR12YArF7d6vu2k="
		},
		"symbol-observable": {
			"version": "1.1.0",
			"resolved": "https://registry.npmjs.org/symbol-observable/-/symbol-observable-1.1.0.tgz",
			"integrity": "sha512-dQoid9tqQ+uotGhuTKEY11X4xhyYePVnqGSoSm3OGKh2E8LZ6RPULp1uXTctk33IeERlrRJYoVSBglsL05F5Uw=="
		},
		"tslib": {
			"version": "1.8.1",
			"resolved": "https://registry.npmjs.org/tslib/-/tslib-1.8.1.tgz",
			"integrity": "sha1-aUavLR1lGnsYY7Ux1uWvpBqkTqw="
		}
	}
}
