{
	"name": "@kaltura-ng/kaltura-primeng-ui",
	"version": "0.4.3",
	"lockfileVersion": 1,
	"requires": true,
	"dependencies": {
		"@angular/common": {
			"version": "4.4.4",
			"resolved": "https://registry.npmjs.org/@angular/common/-/common-4.4.4.tgz",
			"integrity": "sha1-rgqBiqoMaj8JAee4C9lOHCLrk2U=",
			"dev": true,
			"requires": {
				"tslib": "1.7.1"
			}
		},
		"@angular/core": {
			"version": "4.4.4",
			"resolved": "https://registry.npmjs.org/@angular/core/-/core-4.4.4.tgz",
			"integrity": "sha1-vTfs9UFY+XSJmWyThr0iL4CjL1w=",
			"requires": {
				"tslib": "1.7.1"
			}
		},
		"@angular/forms": {
			"version": "4.4.4",
			"resolved": "https://registry.npmjs.org/@angular/forms/-/forms-4.4.4.tgz",
			"integrity": "sha1-TbN5BQm2sQ8duKfBt/Uhh89kz9Q=",
			"requires": {
				"tslib": "1.7.1"
			}
		},
		"@angular/platform-browser": {
			"version": "4.4.4",
			"resolved": "https://registry.npmjs.org/@angular/platform-browser/-/platform-browser-4.4.4.tgz",
			"integrity": "sha1-o4mOLnup2E/6DUcUTGlxF5x1ruY=",
			"dev": true,
			"requires": {
				"tslib": "1.7.1"
			}
		},
		"@kaltura-ng/kaltura-common": {
			"version": "1.3.0",
			"resolved": "https://registry.npmjs.org/@kaltura-ng/kaltura-common/-/kaltura-common-1.3.0.tgz",
			"integrity": "sha1-HG9Ok8mV2bjcfAlJur/lNd647XQ="
		},
		"@kaltura-ng/kaltura-ui": {
			"version": "1.3.2",
			"resolved": "https://registry.npmjs.org/@kaltura-ng/kaltura-ui/-/kaltura-ui-1.3.2.tgz",
			"integrity": "sha1-/sbkLvfQo/wB1VfWXKCRwF4/qFg="
		},
		"jquery": {
			"version": "3.1.1",
			"resolved": "https://registry.npmjs.org/jquery/-/jquery-3.1.1.tgz",
			"integrity": "sha1-NHwcIcfgBBFeCk2jLOzgQfrTyKM="
		},
		"primeng": {
			"version": "4.1.3",
			"resolved": "https://registry.npmjs.org/primeng/-/primeng-4.1.3.tgz",
			"integrity": "sha1-fRZaPgz1kl3xrwsfni0C0e2iKFA="
		},
		"ramda": {
			"version": "0.22.1",
			"resolved": "https://registry.npmjs.org/ramda/-/ramda-0.22.1.tgz",
			"integrity": "sha1-Ax2gw99BfFszyWI0dX6zcDPzag4="
		},
		"rxjs": {
			"version": "5.1.1",
			"resolved": "https://registry.npmjs.org/rxjs/-/rxjs-5.1.1.tgz",
			"integrity": "sha1-/EiSKWW8bF77zA/kbpCjr2QTens=",
			"requires": {
				"symbol-observable": "1.0.4"
			}
		},
		"symbol-observable": {
			"version": "1.0.4",
			"resolved": "https://registry.npmjs.org/symbol-observable/-/symbol-observable-1.0.4.tgz",
			"integrity": "sha1-Kb9hXUqnEhvdiYsi1LP5vE4qoD0="
		},
		"tslib": {
			"version": "1.7.1",
			"resolved": "https://registry.npmjs.org/tslib/-/tslib-1.7.1.tgz",
			"integrity": "sha1-vIAEFkaRkjp5/oN4u+s9ogF1OOw="
		},
		"zone.js": {
			"version": "0.8.18",
			"resolved": "https://registry.npmjs.org/zone.js/-/zone.js-0.8.18.tgz",
			"integrity": "sha1-jOyzl3/NGzCQVi/0Vw4oR+dStI0=",
			"dev": true
		}
	}
}
