{
	"requires": true,
	"lockfileVersion": 1,
	"dependencies": {
		"@angular/common": {
			"version": "4.3.4",
			"resolved": "https://registry.npmjs.org/@angular/common/-/common-4.3.4.tgz",
			"integrity": "sha1-mPt9bo2mM7pWhE1cAJhspAeuqVA=",
			"requires": {
				"tslib": "1.7.1"
			}
		},
		"@angular/core": {
			"version": "4.3.4",
			"resolved": "https://registry.npmjs.org/@angular/core/-/core-4.3.4.tgz",
			"integrity": "sha1-Qt2ARmAPWggKThISEWsS/pe8/LQ=",
			"requires": {
				"tslib": "1.7.1"
			}
		},
		"@angular/forms": {
			"version": "4.3.4",
			"resolved": "https://registry.npmjs.org/@angular/forms/-/forms-4.3.4.tgz",
			"integrity": "sha1-V/oHt7+RA/G5SPv+TP7TFAksnpY=",
			"requires": {
				"tslib": "1.7.1"
			}
		},
		"jquery": {
			"version": "3.1.1",
			"resolved": "https://registry.npmjs.org/jquery/-/jquery-3.1.1.tgz",
			"integrity": "sha1-NHwcIcfgBBFeCk2jLOzgQfrTyKM="
		},
		"primeng": {
			"version": "4.1.3",
			"resolved": "https://registry.npmjs.org/primeng/-/primeng-4.1.3.tgz",
			"integrity": "sha1-fRZaPgz1kl3xrwsfni0C0e2iKFA="
		},
		"ramda": {
			"version": "0.22.1",
			"resolved": "https://registry.npmjs.org/ramda/-/ramda-0.22.1.tgz",
			"integrity": "sha1-Ax2gw99BfFszyWI0dX6zcDPzag4="
		},
		"rxjs": {
			"version": "5.1.1",
			"resolved": "https://registry.npmjs.org/rxjs/-/rxjs-5.1.1.tgz",
			"integrity": "sha1-/EiSKWW8bF77zA/kbpCjr2QTens=",
			"requires": {
				"symbol-observable": "1.0.4"
			}
		},
		"symbol-observable": {
			"version": "1.0.4",
			"resolved": "https://registry.npmjs.org/symbol-observable/-/symbol-observable-1.0.4.tgz",
			"integrity": "sha1-Kb9hXUqnEhvdiYsi1LP5vE4qoD0="
		},
		"tslib": {
			"version": "1.7.1",
			"resolved": "https://registry.npmjs.org/tslib/-/tslib-1.7.1.tgz",
			"integrity": "sha1-vIAEFkaRkjp5/oN4u+s9ogF1OOw="
		}
	}
}
