{
	"name": "@kaltura-ng/kaltura-client",
	"version": "0.1.4",
	"lockfileVersion": 1,
	"requires": true,
	"dependencies": {
		"@angular/core": {
			"version": "4.3.4",
			"resolved": "https://registry.npmjs.org/@angular/core/-/core-4.3.4.tgz",
			"integrity": "sha1-Qt2ARmAPWggKThISEWsS/pe8/LQ=",
			"requires": {
				"tslib": "1.7.1"
			}
		},
		"@angular/http": {
			"version": "4.3.4",
			"resolved": "https://registry.npmjs.org/@angular/http/-/http-4.3.4.tgz",
			"integrity": "sha1-diy3wDIFn0Hf0FU/V06c4NXswKk=",
			"requires": {
				"tslib": "1.7.1"
			}
		},
		"kaltura-typescript-client": {
			"version": "5.1.0",
			"resolved": "https://registry.npmjs.org/kaltura-typescript-client/-/kaltura-typescript-client-5.1.0.tgz",
			"integrity": "sha512-lLFoMR4j0Fh9jEoIns5n9+ie/U+bhPtZNZbIUDBXAdLXgKO2SITXT+Gm0aC001kM9ORWD6XUn4WFJ/eaBwMD7g=="
		},
		"rxjs": {
			"version": "5.4.3",
			"resolved": "https://registry.npmjs.org/rxjs/-/rxjs-5.4.3.tgz",
			"integrity": "sha1-B1jN3uYDPWjg/VNnbw81ls49SD8=",
			"requires": {
				"symbol-observable": "1.0.4"
			}
		},
		"symbol-observable": {
			"version": "1.0.4",
			"resolved": "https://registry.npmjs.org/symbol-observable/-/symbol-observable-1.0.4.tgz",
			"integrity": "sha1-Kb9hXUqnEhvdiYsi1LP5vE4qoD0="
		},
		"tslib": {
			"version": "1.7.1",
			"resolved": "https://registry.npmjs.org/tslib/-/tslib-1.7.1.tgz",
			"integrity": "sha1-vIAEFkaRkjp5/oN4u+s9ogF1OOw="
		}
	}
}
