{
	"requires": true,
	"lockfileVersion": 1,
	"dependencies": {
		"@angular/common": {
			"version": "4.4.6",
			"resolved": "https://registry.npmjs.org/@angular/common/-/common-4.4.6.tgz",
			"integrity": "sha1-S4FCByTggooOg5uVpV6xp+g5GPI=",
			"requires": {
				"tslib": "1.8.1"
			}
		},
		"@angular/core": {
			"version": "4.4.6",
			"resolved": "https://registry.npmjs.org/@angular/core/-/core-4.4.6.tgz",
			"integrity": "sha1-EwMf0Q3P5DiHVBmzjyESCVi8I1Q=",
			"requires": {
				"tslib": "1.8.1"
			}
		},
		"@angular/forms": {
			"version": "4.4.6",
			"resolved": "https://registry.npmjs.org/@angular/forms/-/forms-4.4.6.tgz",
			"integrity": "sha1-/mSs5CQ1wbgPSQNLfEHOjK8UpEo=",
			"requires": {
				"tslib": "1.8.1"
			}
		},
		"jquery": {
			"version": "3.1.1",
			"resolved": "https://registry.npmjs.org/jquery/-/jquery-3.1.1.tgz",
			"integrity": "sha1-NHwcIcfgBBFeCk2jLOzgQfrTyKM="
		},
		"moment": {
			"version": "2.20.1",
			"resolved": "https://registry.npmjs.org/moment/-/moment-2.20.1.tgz",
			"integrity": "sha512-Yh9y73JRljxW5QxN08Fner68eFLxM5ynNOAw2LbIB1YAGeQzZT8QFSUvkAz609Zf+IHhhaUxqZK8dG3W/+HEvg=="
		},
		"ramda": {
			"version": "0.22.1",
			"resolved": "https://registry.npmjs.org/ramda/-/ramda-0.22.1.tgz",
			"integrity": "sha1-Ax2gw99BfFszyWI0dX6zcDPzag4="
		},
		"rxjs": {
			"version": "5.1.1",
			"resolved": "https://registry.npmjs.org/rxjs/-/rxjs-5.1.1.tgz",
			"integrity": "sha1-/EiSKWW8bF77zA/kbpCjr2QTens=",
			"requires": {
				"symbol-observable": "1.1.0"
			}
		},
		"symbol-observable": {
			"version": "1.1.0",
			"resolved": "https://registry.npmjs.org/symbol-observable/-/symbol-observable-1.1.0.tgz",
			"integrity": "sha512-dQoid9tqQ+uotGhuTKEY11X4xhyYePVnqGSoSm3OGKh2E8LZ6RPULp1uXTctk33IeERlrRJYoVSBglsL05F5Uw=="
		},
		"tslib": {
			"version": "1.8.1",
			"resolved": "https://registry.npmjs.org/tslib/-/tslib-1.8.1.tgz",
			"integrity": "sha1-aUavLR1lGnsYY7Ux1uWvpBqkTqw="
		}
	}
}
