{
	"name": "@kaltura-ng/kaltura-log",
	"version": "0.0.1",
	"lockfileVersion": 1,
	"requires": true,
	"dependencies": {
		"@types/jsnlog": {
			"version": "2.17.2",
			"resolved": "https://registry.npmjs.org/@types/jsnlog/-/jsnlog-2.17.2.tgz",
			"integrity": "sha1-MtHVeuviOHMAG0kUAAG/qhmE0TM=",
			"requires": {
				"jsnlog": "2.24.3"
			}
		},
		"jsnlog": {
			"version": "2.24.3",
			"resolved": "https://registry.npmjs.org/jsnlog/-/jsnlog-2.24.3.tgz",
			"integrity": "sha1-DpLlRjvvSij/nbO/DYJSYjGH8KQ="
		}
	}
}
