{
	"name": "@kaltura-ng/kaltura-server-utils",
	"version": "2.0.0",
	"lockfileVersion": 1,
	"requires": true,
	"dependencies": {
		"@angular/common": {
			"version": "4.3.4",
			"resolved": "https://registry.npmjs.org/@angular/common/-/common-4.3.4.tgz",
			"integrity": "sha1-mPt9bo2mM7pWhE1cAJhspAeuqVA=",
			"requires": {
				"tslib": "1.7.1"
			}
		},
		"@angular/compiler": {
			"version": "4.3.4",
			"resolved": "https://registry.npmjs.org/@angular/compiler/-/compiler-4.3.4.tgz",
			"integrity": "sha1-mxaueF8iuRiqFo2wVVwFMEuvnXc=",
			"requires": {
				"tslib": "1.7.1"
			}
		},
		"@angular/core": {
			"version": "4.3.4",
			"resolved": "https://registry.npmjs.org/@angular/core/-/core-4.3.4.tgz",
			"integrity": "sha1-Qt2ARmAPWggKThISEWsS/pe8/LQ=",
			"requires": {
				"tslib": "1.7.1"
			}
		},
		"@angular/forms": {
			"version": "4.2.4",
			"resolved": "https://registry.npmjs.org/@angular/forms/-/forms-4.2.4.tgz",
			"integrity": "sha1-rgl1UzLqRj9WHfAarCvTaeXTXck=",
			"requires": {
				"tslib": "1.7.1"
			}
		},
		"@angular/http": {
			"version": "4.3.4",
			"resolved": "https://registry.npmjs.org/@angular/http/-/http-4.3.4.tgz",
			"integrity": "sha1-diy3wDIFn0Hf0FU/V06c4NXswKk=",
			"requires": {
				"tslib": "1.7.1"
			}
		},
		"@angular/router": {
			"version": "4.3.4",
			"resolved": "https://registry.npmjs.org/@angular/router/-/router-4.3.4.tgz",
			"integrity": "sha1-IGWI/sRm+DonaL11bFZkZRCR5Hc=",
			"requires": {
				"tslib": "1.7.1"
			}
		},
		"kaltura-typescript-client": {
			"version": "5.1.0",
			"resolved": "https://registry.npmjs.org/kaltura-typescript-client/-/kaltura-typescript-client-5.1.0.tgz",
			"integrity": "sha512-lLFoMR4j0Fh9jEoIns5n9+ie/U+bhPtZNZbIUDBXAdLXgKO2SITXT+Gm0aC001kM9ORWD6XUn4WFJ/eaBwMD7g=="
		},
		"ng2-translate": {
			"version": "5.0.0",
			"resolved": "https://registry.npmjs.org/ng2-translate/-/ng2-translate-5.0.0.tgz",
			"integrity": "sha1-Ctu1EOtQB6LW3tX10miIwUdgrKU="
		},
		"ramda": {
			"version": "0.22.1",
			"resolved": "https://registry.npmjs.org/ramda/-/ramda-0.22.1.tgz",
			"integrity": "sha1-Ax2gw99BfFszyWI0dX6zcDPzag4="
		},
		"rxjs": {
			"version": "5.1.1",
			"resolved": "https://registry.npmjs.org/rxjs/-/rxjs-5.1.1.tgz",
			"integrity": "sha1-/EiSKWW8bF77zA/kbpCjr2QTens=",
			"requires": {
				"symbol-observable": "1.0.4"
			}
		},
		"symbol-observable": {
			"version": "1.0.4",
			"resolved": "https://registry.npmjs.org/symbol-observable/-/symbol-observable-1.0.4.tgz",
			"integrity": "sha1-Kb9hXUqnEhvdiYsi1LP5vE4qoD0="
		},
		"tslib": {
			"version": "1.7.1",
			"resolved": "https://registry.npmjs.org/tslib/-/tslib-1.7.1.tgz",
			"integrity": "sha1-vIAEFkaRkjp5/oN4u+s9ogF1OOw="
		}
	}
}
