{
	"requires": true,
	"lockfileVersion": 1,
	"dependencies": {
		"@angular/common": {
			"version": "4.4.6",
			"resolved": "https://registry.npmjs.org/@angular/common/-/common-4.4.6.tgz",
			"integrity": "sha1-S4FCByTggooOg5uVpV6xp+g5GPI=",
			"requires": {
				"tslib": "1.9.0"
			}
		},
		"@angular/compiler": {
			"version": "4.4.6",
			"resolved": "https://registry.npmjs.org/@angular/compiler/-/compiler-4.4.6.tgz",
			"integrity": "sha1-LuH68lt1fh0SiXkHS+f65SmzvCA=",
			"requires": {
				"tslib": "1.9.0"
			}
		},
		"@angular/core": {
			"version": "4.4.6",
			"resolved": "https://registry.npmjs.org/@angular/core/-/core-4.4.6.tgz",
			"integrity": "sha1-EwMf0Q3P5DiHVBmzjyESCVi8I1Q=",
			"requires": {
				"tslib": "1.9.0"
			}
		},
		"@types/jsnlog": {
			"version": "2.17.2",
			"resolved": "https://registry.npmjs.org/@types/jsnlog/-/jsnlog-2.17.2.tgz",
			"integrity": "sha1-MtHVeuviOHMAG0kUAAG/qhmE0TM=",
			"requires": {
				"jsnlog": "2.24.3"
			}
		},
		"jsnlog": {
			"version": "2.24.3",
			"resolved": "https://registry.npmjs.org/jsnlog/-/jsnlog-2.24.3.tgz",
			"integrity": "sha1-DpLlRjvvSij/nbO/DYJSYjGH8KQ="
		},
		"rxjs": {
			"version": "5.1.1",
			"resolved": "https://registry.npmjs.org/rxjs/-/rxjs-5.1.1.tgz",
			"integrity": "sha1-/EiSKWW8bF77zA/kbpCjr2QTens=",
			"requires": {
				"symbol-observable": "1.1.0"
			}
		},
		"symbol-observable": {
			"version": "1.1.0",
			"resolved": "https://registry.npmjs.org/symbol-observable/-/symbol-observable-1.1.0.tgz",
			"integrity": "sha512-dQoid9tqQ+uotGhuTKEY11X4xhyYePVnqGSoSm3OGKh2E8LZ6RPULp1uXTctk33IeERlrRJYoVSBglsL05F5Uw=="
		},
		"tslib": {
			"version": "1.9.0",
			"resolved": "https://registry.npmjs.org/tslib/-/tslib-1.9.0.tgz",
			"integrity": "sha512-f/qGG2tUkrISBlQZEjEqoZ3B2+npJjIf04H1wuAv9iA8i04Icp+61KRXxFdha22670NJopsZCIjhC3SnjPRKrQ=="
		}
	}
}
